{
  "requires": true,
  "lockfileVersion": 1,
  "dependencies": {
    "@uirouter/angularjs": {
      "version": "1.0.7",
      "resolved": "https://registry.npmjs.org/@uirouter/angularjs/-/angularjs-1.0.7.tgz",
      "integrity": "sha512-R3s+Dn3fO/v282CKUzRzpL7KUAR3AVpoL0hTCTugxOFDTvM6nOo6V2cBg5HWE3YnHKboSEGWhQYHv2/kNR67oA==",
      "requires": {
        "@uirouter/core": "5.0.8"
      }
    },
    "@uirouter/core": {
      "version": "5.0.8",
      "resolved": "https://registry.npmjs.org/@uirouter/core/-/core-5.0.8.tgz",
      "integrity": "sha512-5Xb+hIAH0rqlRjZU4o2IorMRheIZdxOFsflTzWMzsM+d3ri/ManPe84ACl0qEovfKqY4aXXy8Gz8m7D4D5S+rw=="
    },
    "angular": {
      "version": "1.6.9",
      "resolved": "https://registry.npmjs.org/angular/-/angular-1.6.9.tgz",
      "integrity": "sha512-6igWH2GIsxV+J38wNWCh8oyjaZsrIPIDO35twloIUyjlF2Yit6UyLAWujHP05ma/LFxTsx4NtYibRoMNBXPR1A=="
    },
    "es6-object-assign": {
      "version": "1.1.0",
      "resolved": "https://registry.npmjs.org/es6-object-assign/-/es6-object-assign-1.1.0.tgz",
      "integrity": "sha1-wsNYJlYkfDnqEHyx5mUrb58kUjw="
    },
    "jquery": {
      "version": "3.3.1",
      "resolved": "https://registry.npmjs.org/jquery/-/jquery-3.3.1.tgz",
      "integrity": "sha512-Ubldcmxp5np52/ENotGxlLe6aGMvmF4R8S6tZjsP6Knsaxd/xp3Zrh50cG93lR6nPXyUFwzN3ZSOQI0wRJNdGg=="
    },
    "promise-polyfill": {
      "version": "6.1.0",
      "resolved": "https://registry.npmjs.org/promise-polyfill/-/promise-polyfill-6.1.0.tgz",
      "integrity": "sha1-36lpQ+qcEh/KTem1hoyznTRy4Fc="
    },
    "sweetalert": {
      "version": "2.1.0",
      "resolved": "https://registry.npmjs.org/sweetalert/-/sweetalert-2.1.0.tgz",
      "integrity": "sha512-9YKj0SvjKyBfRWco50UOsIbXVeifYbxzT9Qda7EsqC01eafHGCSG0IR7g942ufjzt7lnwO8ZZBwr6emXv2fQrg==",
      "requires": {
        "es6-object-assign": "1.1.0",
        "promise-polyfill": "6.1.0"
      }
    }
  }
}
